
Microsoft Visual Studio Solution File, Format Version 12.00
# Visual Studio Version 16
VisualStudioVersion = 16.0.30128.74
MinimumVisualStudioVersion = 10.0.40219.1
Project("{FAE04EC0-301F-11D3-BF4B-00C04F79EFBC}") = "PhoneNoConvert", "PhoneNoConvert\PhoneNoConvert.csproj", "{15B8183B-570F-49C3-A32B-ECF2AA744337}"
EndProject
Global
	GlobalSection(SolutionConfigurationPlatforms) = preSolution
		Debug|Any CPU = Debug|Any CPU
		Release|Any CPU = Release|Any CPU
	EndGlobalSection
	GlobalSection(ProjectConfigurationPlatforms) = postSolution
		{15B8183B-570F-49C3-A32B-ECF2AA744337}.Debug|Any CPU.ActiveCfg = Debug|Any CPU
		{15B8183B-570F-49C3-A32B-ECF2AA744337}.Debug|Any CPU.Build.0 = Debug|Any CPU
		{15B8183B-570F-49C3-A32B-ECF2AA744337}.Release|Any CPU.ActiveCfg = Release|Any CPU
		{15B8183B-570F-49C3-A32B-ECF2AA744337}.Release|Any CPU.Build.0 = Release|Any CPU
	EndGlobalSection
	GlobalSection(SolutionProperties) = preSolution
		HideSolutionNode = FALSE
	EndGlobalSection
	GlobalSection(ExtensibilityGlobals) = postSolution
		SolutionGuid = {842FE2A2-0A88-4459-A7E6-CF1FE8E250EB}
	EndGlobalSection
EndGlobal
